
Microsoft Visual Studio Solution File, Format Version 12.00
# Visual Studio 15
VisualStudioVersion = 15.0.28307.705
MinimumVisualStudioVersion = 10.0.40219.1
Project("{9A19103F-16F7-4668-BE54-9A1E7A4F7556}") = "Arrba.Api", "Arrba.Api\Arrba.Api.csproj", "{3AC5527A-D746-4968-B900-A1A54CB9F8FF}"
EndProject
Project("{9A19103F-16F7-4668-BE54-9A1E7A4F7556}") = "Arrba.Domain", "Arrba.Domain\Arrba.Domain.csproj", "{C5D86AF8-56E0-4375-84E8-3102525DCBA0}"
EndProject
Project("{9A19103F-16F7-4668-BE54-9A1E7A4F7556}") = "Arrba.Helpers", "Arrba.Helpers\Arrba.Helpers.csproj", "{0186A86F-3249-4F0E-81FD-0A2774F42AD4}"
EndProject
Project("{2150E333-8FDC-42A3-9474-1A3956D46DE8}") = "Infrastrusture", "Infrastrusture", "{5CFBFC00-214A-4566-BEFA-BC630A310F4B}"
EndProject
Project("{9A19103F-16F7-4668-BE54-9A1E7A4F7556}") = "Arrba.Extensions", "Arrba.Extensions\Arrba.Extensions.csproj", "{76D66C62-149E-4BBE-AA10-08470EBD75B3}"
EndProject
Project("{9A19103F-16F7-4668-BE54-9A1E7A4F7556}") = "Arrba.Exceptions", "Arrba.Exceptions\Arrba.Exceptions.csproj", "{1D07FA7F-24FA-47DF-B0FB-96772B7A1AB9}"
EndProject
Project("{9A19103F-16F7-4668-BE54-9A1E7A4F7556}") = "Arrba.Enumerations", "Arrba.Enumerations\Arrba.Enumerations.csproj", "{917A8628-6805-4DA1-B115-F20AAB4DC342}"
EndProject
Project("{9A19103F-16F7-4668-BE54-9A1E7A4F7556}") = "Arrba.GoogleCaptchaV2", "Arrba.GoogleCaptchaV2\Arrba.GoogleCaptchaV2.csproj", "{E0F36173-7A3F-40BC-A734-CD7CD29F88FC}"
EndProject
Project("{9A19103F-16F7-4668-BE54-9A1E7A4F7556}") = "Arrba.Constants", "Arrba.Constants\Arrba.Constants.csproj", "{B46ABC4C-3536-4E42-853A-C745AA6D9B36}"
EndProject
Project("{9A19103F-16F7-4668-BE54-9A1E7A4F7556}") = "Arrba.ImageLibrary", "Arrba.ImageLibrary\Arrba.ImageLibrary.csproj", "{8FB0CCD3-E5C9-4929-A55E-C22C9FB17C71}"
EndProject
Project("{9A19103F-16F7-4668-BE54-9A1E7A4F7556}") = "Arrba.Services", "Arrba.Services\Arrba.Services.csproj", "{920E6896-EF61-4A0B-8E9A-F441203950DE}"
EndProject
Project("{9A19103F-16F7-4668-BE54-9A1E7A4F7556}") = "Arrba.Services.Logger", "Arrba.Services.Logger\Arrba.Services.Logger.csproj", "{6F66D870-A840-4DE2-8F25-4F6D7732E2FF}"
EndProject
Project("{9A19103F-16F7-4668-BE54-9A1E7A4F7556}") = "Arrba.DTO", "Arrba.DTO\Arrba.DTO.csproj", "{E43E88DC-FFF6-4044-B3A9-BCF67D7FA09D}"
EndProject
Project("{9A19103F-16F7-4668-BE54-9A1E7A4F7556}") = "Arrba.Repositories", "Arrba.Repositories\Arrba.Repositories.csproj", "{16FF9B4D-8D23-4F43-B499-75209FA7B4EE}"
EndProject
Project("{9A19103F-16F7-4668-BE54-9A1E7A4F7556}") = "Arrba.Services.Configuration", "Arrba.Services.Configuration\Arrba.Services.Configuration.csproj", "{43FBC4EF-A1E4-409A-B738-7489700D4EC0}"
EndProject
Project("{9A19103F-16F7-4668-BE54-9A1E7A4F7556}") = "Arrba.Admin", "Arrba.Admin\Arrba.Admin.csproj", "{B48E6654-F61B-4A34-8227-45D27B9D5C75}"
EndProject
Project("{9A19103F-16F7-4668-BE54-9A1E7A4F7556}") = "Arrba.Console", "Arrba.Console\Arrba.Console.csproj", "{E5C133B3-5EA6-4603-98EA-30566607218A}"
EndProject
Project("{9A19103F-16F7-4668-BE54-9A1E7A4F7556}") = "Arrba.Middleware", "Arrba.Middleware\Arrba.Middleware.csproj", "{D288FC6E-853F-48FA-80B0-B47163FC8122}"
EndProject
Global
	GlobalSection(SolutionConfigurationPlatforms) = preSolution
		Debug|x64 = Debug|x64
		Release|x64 = Release|x64
	EndGlobalSection
	GlobalSection(ProjectConfigurationPlatforms) = postSolution
		{3AC5527A-D746-4968-B900-A1A54CB9F8FF}.Debug|x64.ActiveCfg = Debug|x64
		{3AC5527A-D746-4968-B900-A1A54CB9F8FF}.Debug|x64.Build.0 = Debug|x64
		{3AC5527A-D746-4968-B900-A1A54CB9F8FF}.Release|x64.ActiveCfg = Release|x64
		{3AC5527A-D746-4968-B900-A1A54CB9F8FF}.Release|x64.Build.0 = Release|x64
		{C5D86AF8-56E0-4375-84E8-3102525DCBA0}.Debug|x64.ActiveCfg = Debug|x64
		{C5D86AF8-56E0-4375-84E8-3102525DCBA0}.Debug|x64.Build.0 = Debug|x64
		{C5D86AF8-56E0-4375-84E8-3102525DCBA0}.Release|x64.ActiveCfg = Release|x64
		{C5D86AF8-56E0-4375-84E8-3102525DCBA0}.Release|x64.Build.0 = Release|x64
		{0186A86F-3249-4F0E-81FD-0A2774F42AD4}.Debug|x64.ActiveCfg = Debug|x64
		{0186A86F-3249-4F0E-81FD-0A2774F42AD4}.Debug|x64.Build.0 = Debug|x64
		{0186A86F-3249-4F0E-81FD-0A2774F42AD4}.Release|x64.ActiveCfg = Release|x64
		{0186A86F-3249-4F0E-81FD-0A2774F42AD4}.Release|x64.Build.0 = Release|x64
		{76D66C62-149E-4BBE-AA10-08470EBD75B3}.Debug|x64.ActiveCfg = Debug|x64
		{76D66C62-149E-4BBE-AA10-08470EBD75B3}.Debug|x64.Build.0 = Debug|x64
		{76D66C62-149E-4BBE-AA10-08470EBD75B3}.Release|x64.ActiveCfg = Release|x64
		{76D66C62-149E-4BBE-AA10-08470EBD75B3}.Release|x64.Build.0 = Release|x64
		{1D07FA7F-24FA-47DF-B0FB-96772B7A1AB9}.Debug|x64.ActiveCfg = Debug|x64
		{1D07FA7F-24FA-47DF-B0FB-96772B7A1AB9}.Debug|x64.Build.0 = Debug|x64
		{1D07FA7F-24FA-47DF-B0FB-96772B7A1AB9}.Release|x64.ActiveCfg = Release|x64
		{1D07FA7F-24FA-47DF-B0FB-96772B7A1AB9}.Release|x64.Build.0 = Release|x64
		{917A8628-6805-4DA1-B115-F20AAB4DC342}.Debug|x64.ActiveCfg = Debug|x64
		{917A8628-6805-4DA1-B115-F20AAB4DC342}.Debug|x64.Build.0 = Debug|x64
		{917A8628-6805-4DA1-B115-F20AAB4DC342}.Release|x64.ActiveCfg = Release|x64
		{917A8628-6805-4DA1-B115-F20AAB4DC342}.Release|x64.Build.0 = Release|x64
		{E0F36173-7A3F-40BC-A734-CD7CD29F88FC}.Debug|x64.ActiveCfg = Debug|x64
		{E0F36173-7A3F-40BC-A734-CD7CD29F88FC}.Debug|x64.Build.0 = Debug|x64
		{E0F36173-7A3F-40BC-A734-CD7CD29F88FC}.Release|x64.ActiveCfg = Release|x64
		{E0F36173-7A3F-40BC-A734-CD7CD29F88FC}.Release|x64.Build.0 = Release|x64
		{B46ABC4C-3536-4E42-853A-C745AA6D9B36}.Debug|x64.ActiveCfg = Debug|x64
		{B46ABC4C-3536-4E42-853A-C745AA6D9B36}.Debug|x64.Build.0 = Debug|x64
		{B46ABC4C-3536-4E42-853A-C745AA6D9B36}.Release|x64.ActiveCfg = Release|x64
		{B46ABC4C-3536-4E42-853A-C745AA6D9B36}.Release|x64.Build.0 = Release|x64
		{8FB0CCD3-E5C9-4929-A55E-C22C9FB17C71}.Debug|x64.ActiveCfg = Debug|x64
		{8FB0CCD3-E5C9-4929-A55E-C22C9FB17C71}.Debug|x64.Build.0 = Debug|x64
		{8FB0CCD3-E5C9-4929-A55E-C22C9FB17C71}.Release|x64.ActiveCfg = Release|x64
		{8FB0CCD3-E5C9-4929-A55E-C22C9FB17C71}.Release|x64.Build.0 = Release|x64
		{920E6896-EF61-4A0B-8E9A-F441203950DE}.Debug|x64.ActiveCfg = Debug|x64
		{920E6896-EF61-4A0B-8E9A-F441203950DE}.Debug|x64.Build.0 = Debug|x64
		{920E6896-EF61-4A0B-8E9A-F441203950DE}.Release|x64.ActiveCfg = Release|x64
		{920E6896-EF61-4A0B-8E9A-F441203950DE}.Release|x64.Build.0 = Release|x64
		{6F66D870-A840-4DE2-8F25-4F6D7732E2FF}.Debug|x64.ActiveCfg = Debug|x64
		{6F66D870-A840-4DE2-8F25-4F6D7732E2FF}.Debug|x64.Build.0 = Debug|x64
		{6F66D870-A840-4DE2-8F25-4F6D7732E2FF}.Release|x64.ActiveCfg = Release|x64
		{6F66D870-A840-4DE2-8F25-4F6D7732E2FF}.Release|x64.Build.0 = Release|x64
		{E43E88DC-FFF6-4044-B3A9-BCF67D7FA09D}.Debug|x64.ActiveCfg = Debug|x64
		{E43E88DC-FFF6-4044-B3A9-BCF67D7FA09D}.Debug|x64.Build.0 = Debug|x64
		{E43E88DC-FFF6-4044-B3A9-BCF67D7FA09D}.Release|x64.ActiveCfg = Release|x64
		{E43E88DC-FFF6-4044-B3A9-BCF67D7FA09D}.Release|x64.Build.0 = Release|x64
		{16FF9B4D-8D23-4F43-B499-75209FA7B4EE}.Debug|x64.ActiveCfg = Debug|x64
		{16FF9B4D-8D23-4F43-B499-75209FA7B4EE}.Debug|x64.Build.0 = Debug|x64
		{16FF9B4D-8D23-4F43-B499-75209FA7B4EE}.Release|x64.ActiveCfg = Release|x64
		{16FF9B4D-8D23-4F43-B499-75209FA7B4EE}.Release|x64.Build.0 = Release|x64
		{43FBC4EF-A1E4-409A-B738-7489700D4EC0}.Debug|x64.ActiveCfg = Debug|x64
		{43FBC4EF-A1E4-409A-B738-7489700D4EC0}.Debug|x64.Build.0 = Debug|x64
		{43FBC4EF-A1E4-409A-B738-7489700D4EC0}.Release|x64.ActiveCfg = Release|x64
		{43FBC4EF-A1E4-409A-B738-7489700D4EC0}.Release|x64.Build.0 = Release|x64
		{B48E6654-F61B-4A34-8227-45D27B9D5C75}.Debug|x64.ActiveCfg = Debug|x64
		{B48E6654-F61B-4A34-8227-45D27B9D5C75}.Debug|x64.Build.0 = Debug|x64
		{B48E6654-F61B-4A34-8227-45D27B9D5C75}.Release|x64.ActiveCfg = Release|x64
		{B48E6654-F61B-4A34-8227-45D27B9D5C75}.Release|x64.Build.0 = Release|x64
		{E5C133B3-5EA6-4603-98EA-30566607218A}.Debug|x64.ActiveCfg = Debug|x64
		{E5C133B3-5EA6-4603-98EA-30566607218A}.Debug|x64.Build.0 = Debug|x64
		{E5C133B3-5EA6-4603-98EA-30566607218A}.Release|x64.ActiveCfg = Release|x64
		{E5C133B3-5EA6-4603-98EA-30566607218A}.Release|x64.Build.0 = Release|x64
		{D288FC6E-853F-48FA-80B0-B47163FC8122}.Debug|x64.ActiveCfg = Debug|x64
		{D288FC6E-853F-48FA-80B0-B47163FC8122}.Debug|x64.Build.0 = Debug|x64
		{D288FC6E-853F-48FA-80B0-B47163FC8122}.Release|x64.ActiveCfg = Release|x64
		{D288FC6E-853F-48FA-80B0-B47163FC8122}.Release|x64.Build.0 = Release|x64
	EndGlobalSection
	GlobalSection(SolutionProperties) = preSolution
		HideSolutionNode = FALSE
	EndGlobalSection
	GlobalSection(NestedProjects) = preSolution
		{76D66C62-149E-4BBE-AA10-08470EBD75B3} = {5CFBFC00-214A-4566-BEFA-BC630A310F4B}
		{1D07FA7F-24FA-47DF-B0FB-96772B7A1AB9} = {5CFBFC00-214A-4566-BEFA-BC630A310F4B}
		{917A8628-6805-4DA1-B115-F20AAB4DC342} = {5CFBFC00-214A-4566-BEFA-BC630A310F4B}
		{E0F36173-7A3F-40BC-A734-CD7CD29F88FC} = {5CFBFC00-214A-4566-BEFA-BC630A310F4B}
		{B46ABC4C-3536-4E42-853A-C745AA6D9B36} = {5CFBFC00-214A-4566-BEFA-BC630A310F4B}
		{8FB0CCD3-E5C9-4929-A55E-C22C9FB17C71} = {5CFBFC00-214A-4566-BEFA-BC630A310F4B}
		{920E6896-EF61-4A0B-8E9A-F441203950DE} = {5CFBFC00-214A-4566-BEFA-BC630A310F4B}
		{6F66D870-A840-4DE2-8F25-4F6D7732E2FF} = {5CFBFC00-214A-4566-BEFA-BC630A310F4B}
		{43FBC4EF-A1E4-409A-B738-7489700D4EC0} = {5CFBFC00-214A-4566-BEFA-BC630A310F4B}
		{D288FC6E-853F-48FA-80B0-B47163FC8122} = {5CFBFC00-214A-4566-BEFA-BC630A310F4B}
	EndGlobalSection
	GlobalSection(ExtensibilityGlobals) = postSolution
		SolutionGuid = {604B0ED5-2C89-4299-A4AC-DB177058C3B9}
	EndGlobalSection
EndGlobal
